
Microsoft Visual Studio Solution File, Format Version 12.00
# Visual Studio Version 16
VisualStudioVersion = 16.0.31205.134
MinimumVisualStudioVersion = 10.0.40219.1
Project("{FAE04EC0-301F-11D3-BF4B-00C04F79EFBC}") = "Entities", "Entities\Entities.csproj", "{2C64E9FA-141A-4299-9CDB-B8CAF623CCEF}"
EndProject
Project("{FAE04EC0-301F-11D3-BF4B-00C04F79EFBC}") = "DataAccess", "DataAccess\DataAccess.csproj", "{4D6F4890-CAB9-479C-8FDE-4BB27BBE92FA}"
EndProject
Project("{FAE04EC0-301F-11D3-BF4B-00C04F79EFBC}") = "Business", "Business\Business.csproj", "{DE660F90-C3DE-49EC-A872-4E6F4DC00B6F}"
EndProject
Project("{FAE04EC0-301F-11D3-BF4B-00C04F79EFBC}") = "Core", "Core\Core.csproj", "{88EE3D2E-AD54-48AE-B52B-DEBCACA2BB63}"
EndProject
Project("{FAE04EC0-301F-11D3-BF4B-00C04F79EFBC}") = "WebAPI", "WebAPI\WebAPI.csproj", "{66A88ACD-5B6D-417E-B753-71C13FC849F4}"
EndProject
Global
	GlobalSection(SolutionConfigurationPlatforms) = preSolution
		Debug|Any CPU = Debug|Any CPU
		Release|Any CPU = Release|Any CPU
	EndGlobalSection
	GlobalSection(ProjectConfigurationPlatforms) = postSolution
		{2C64E9FA-141A-4299-9CDB-B8CAF623CCEF}.Debug|Any CPU.ActiveCfg = Debug|Any CPU
		{2C64E9FA-141A-4299-9CDB-B8CAF623CCEF}.Debug|Any CPU.Build.0 = Debug|Any CPU
		{2C64E9FA-141A-4299-9CDB-B8CAF623CCEF}.Release|Any CPU.ActiveCfg = Release|Any CPU
		{2C64E9FA-141A-4299-9CDB-B8CAF623CCEF}.Release|Any CPU.Build.0 = Release|Any CPU
		{4D6F4890-CAB9-479C-8FDE-4BB27BBE92FA}.Debug|Any CPU.ActiveCfg = Debug|Any CPU
		{4D6F4890-CAB9-479C-8FDE-4BB27BBE92FA}.Debug|Any CPU.Build.0 = Debug|Any CPU
		{4D6F4890-CAB9-479C-8FDE-4BB27BBE92FA}.Release|Any CPU.ActiveCfg = Release|Any CPU
		{4D6F4890-CAB9-479C-8FDE-4BB27BBE92FA}.Release|Any CPU.Build.0 = Release|Any CPU
		{DE660F90-C3DE-49EC-A872-4E6F4DC00B6F}.Debug|Any CPU.ActiveCfg = Debug|Any CPU
		{DE660F90-C3DE-49EC-A872-4E6F4DC00B6F}.Debug|Any CPU.Build.0 = Debug|Any CPU
		{DE660F90-C3DE-49EC-A872-4E6F4DC00B6F}.Release|Any CPU.ActiveCfg = Release|Any CPU
		{DE660F90-C3DE-49EC-A872-4E6F4DC00B6F}.Release|Any CPU.Build.0 = Release|Any CPU
		{88EE3D2E-AD54-48AE-B52B-DEBCACA2BB63}.Debug|Any CPU.ActiveCfg = Debug|Any CPU
		{88EE3D2E-AD54-48AE-B52B-DEBCACA2BB63}.Debug|Any CPU.Build.0 = Debug|Any CPU
		{88EE3D2E-AD54-48AE-B52B-DEBCACA2BB63}.Release|Any CPU.ActiveCfg = Release|Any CPU
		{88EE3D2E-AD54-48AE-B52B-DEBCACA2BB63}.Release|Any CPU.Build.0 = Release|Any CPU
		{66A88ACD-5B6D-417E-B753-71C13FC849F4}.Debug|Any CPU.ActiveCfg = Debug|Any CPU
		{66A88ACD-5B6D-417E-B753-71C13FC849F4}.Debug|Any CPU.Build.0 = Debug|Any CPU
		{66A88ACD-5B6D-417E-B753-71C13FC849F4}.Release|Any CPU.ActiveCfg = Release|Any CPU
		{66A88ACD-5B6D-417E-B753-71C13FC849F4}.Release|Any CPU.Build.0 = Release|Any CPU
	EndGlobalSection
	GlobalSection(SolutionProperties) = preSolution
		HideSolutionNode = FALSE
	EndGlobalSection
	GlobalSection(ExtensibilityGlobals) = postSolution
		SolutionGuid = {A0A4995B-1137-4EEA-A280-FFE77998ED83}
	EndGlobalSection
EndGlobal
